Microsoft Visual Studio Solution File, Format Version 12.00
# Visual Studio 2013
VisualStudioVersion = 12.0.21005.1
MinimumVisualStudioVersion = 10.0.40219.1
Project("{F184B08F-C81C-45F6-A57F-5ABD9991F28F}") = "WinFormsProject", "WinFormsProject\WinFormsProject.vbproj", "{C686B87D-7609-48A1-BB81-B3D2FBD2E484}"
EndProject
Project("{F184B08F-C81C-45F6-A57F-5ABD9991F28F}") = "AspProject", "AspProject\AspProject.vbproj", "{CCC059B6-905D-4511-9989-B386F234B849}"
EndProject
Project("{F184B08F-C81C-45F6-A57F-5ABD9991F28F}") = "NwindDataAdapter", "NwindDataAdapter\NwindDataAdapter.vbproj", "{52556C8E-3F5E-4A2B-ACDD-0CCED9CA549A}"
EndProject
Global
	GlobalSection(SolutionConfigurationPlatforms) = preSolution
		Debug|Any CPU = Debug|Any CPU
		Debug|Mixed Platforms = Debug|Mixed Platforms
		Debug|x86 = Debug|x86
		Release|Any CPU = Release|Any CPU
		Release|Mixed Platforms = Release|Mixed Platforms
		Release|x86 = Release|x86
	EndGlobalSection
	GlobalSection(ProjectConfigurationPlatforms) = postSolution
		{C686B87D-7609-48A1-BB81-B3D2FBD2E484}.Debug|Any CPU.ActiveCfg = Debug|x86
		{C686B87D-7609-48A1-BB81-B3D2FBD2E484}.Debug|Mixed Platforms.ActiveCfg = Debug|x86
		{C686B87D-7609-48A1-BB81-B3D2FBD2E484}.Debug|Mixed Platforms.Build.0 = Debug|x86
		{C686B87D-7609-48A1-BB81-B3D2FBD2E484}.Debug|x86.ActiveCfg = Debug|x86
		{C686B87D-7609-48A1-BB81-B3D2FBD2E484}.Debug|x86.Build.0 = Debug|x86
		{C686B87D-7609-48A1-BB81-B3D2FBD2E484}.Release|Any CPU.ActiveCfg = Release|x86
		{C686B87D-7609-48A1-BB81-B3D2FBD2E484}.Release|Mixed Platforms.ActiveCfg = Release|x86
		{C686B87D-7609-48A1-BB81-B3D2FBD2E484}.Release|Mixed Platforms.Build.0 = Release|x86
		{C686B87D-7609-48A1-BB81-B3D2FBD2E484}.Release|x86.ActiveCfg = Release|x86
		{C686B87D-7609-48A1-BB81-B3D2FBD2E484}.Release|x86.Build.0 = Release|x86
		{CCC059B6-905D-4511-9989-B386F234B849}.Debug|Any CPU.ActiveCfg = Debug|Any CPU
		{CCC059B6-905D-4511-9989-B386F234B849}.Debug|Any CPU.Build.0 = Debug|Any CPU
		{CCC059B6-905D-4511-9989-B386F234B849}.Debug|Mixed Platforms.ActiveCfg = Debug|Any CPU
		{CCC059B6-905D-4511-9989-B386F234B849}.Debug|Mixed Platforms.Build.0 = Debug|Any CPU
		{CCC059B6-905D-4511-9989-B386F234B849}.Debug|x86.ActiveCfg = Debug|Any CPU
		{CCC059B6-905D-4511-9989-B386F234B849}.Release|Any CPU.ActiveCfg = Release|Any CPU
		{CCC059B6-905D-4511-9989-B386F234B849}.Release|Any CPU.Build.0 = Release|Any CPU
		{CCC059B6-905D-4511-9989-B386F234B849}.Release|Mixed Platforms.ActiveCfg = Release|Any CPU
		{CCC059B6-905D-4511-9989-B386F234B849}.Release|Mixed Platforms.Build.0 = Release|Any CPU
		{CCC059B6-905D-4511-9989-B386F234B849}.Release|x86.ActiveCfg = Release|Any CPU
		{52556C8E-3F5E-4A2B-ACDD-0CCED9CA549A}.Debug|Any CPU.ActiveCfg = Debug|Any CPU
		{52556C8E-3F5E-4A2B-ACDD-0CCED9CA549A}.Debug|Any CPU.Build.0 = Debug|Any CPU
		{52556C8E-3F5E-4A2B-ACDD-0CCED9CA549A}.Debug|Mixed Platforms.ActiveCfg = Debug|Any CPU
		{52556C8E-3F5E-4A2B-ACDD-0CCED9CA549A}.Debug|Mixed Platforms.Build.0 = Debug|Any CPU
		{52556C8E-3F5E-4A2B-ACDD-0CCED9CA549A}.Debug|x86.ActiveCfg = Debug|Any CPU
		{52556C8E-3F5E-4A2B-ACDD-0CCED9CA549A}.Release|Any CPU.ActiveCfg = Release|Any CPU
		{52556C8E-3F5E-4A2B-ACDD-0CCED9CA549A}.Release|Any CPU.Build.0 = Release|Any CPU
		{52556C8E-3F5E-4A2B-ACDD-0CCED9CA549A}.Release|Mixed Platforms.ActiveCfg = Release|Any CPU
		{52556C8E-3F5E-4A2B-ACDD-0CCED9CA549A}.Release|Mixed Platforms.Build.0 = Release|Any CPU
		{52556C8E-3F5E-4A2B-ACDD-0CCED9CA549A}.Release|x86.ActiveCfg = Release|Any CPU
	EndGlobalSection
	GlobalSection(SolutionProperties) = preSolution
		HideSolutionNode = FALSE
	EndGlobalSection
EndGlobal
